
Microsoft Visual Studio Solution File, Format Version 12.00
# Visual Studio Version 17
VisualStudioVersion = 17.3.32811.315
MinimumVisualStudioVersion = 10.0.40219.1
Project("{9A19103F-16F7-4668-BE54-9A1E7A4F7556}") = "RabbitMQExample.Publisher", "RabbitMQExample.Publisher\RabbitMQExample.Publisher.csproj", "{2A89C758-80AE-49D8-AC8D-B11907A1CBE1}"
EndProject
Project("{9A19103F-16F7-4668-BE54-9A1E7A4F7556}") = "RabbitMQExample.Subscriber", "RabbitMQExample.Subscriber\RabbitMQExample.Subscriber.csproj", "{BA76B5C7-F926-42F0-9E0B-5A04CA2D60F5}"
EndProject
Project("{9A19103F-16F7-4668-BE54-9A1E7A4F7556}") = "RabbitMQExample.Shared", "RabbitMQExample.Shared\RabbitMQExample.Shared.csproj", "{2AD0BB8C-CDBA-4046-8F08-55E858FFED64}"
EndProject
Project("{9A19103F-16F7-4668-BE54-9A1E7A4F7556}") = "RabbitMQExample.WatermarkApp", "RabbitMQExample.WatermarkApp\RabbitMQExample.WatermarkApp.csproj", "{481A5C2A-4B21-40C4-8B22-B6D357ACA985}"
EndProject
Project("{9A19103F-16F7-4668-BE54-9A1E7A4F7556}") = "RabbitMQExample.CreateExcelApp", "RabbitMQExample.CreateExcelApp\RabbitMQExample.CreateExcelApp.csproj", "{FE8FD93E-5194-45D8-8895-89F16CEECB26}"
EndProject
Project("{FAE04EC0-301F-11D3-BF4B-00C04F79EFBC}") = "RabbitMQExample.FileCreateWorkerService", "RabbitMQExample.FileCreateWorkerService\RabbitMQExample.FileCreateWorkerService.csproj", "{1925C787-E929-4021-8BD7-6392573AB228}"
EndProject
Global
	GlobalSection(SolutionConfigurationPlatforms) = preSolution
		Debug|Any CPU = Debug|Any CPU
		Release|Any CPU = Release|Any CPU
	EndGlobalSection
	GlobalSection(ProjectConfigurationPlatforms) = postSolution
		{2A89C758-80AE-49D8-AC8D-B11907A1CBE1}.Debug|Any CPU.ActiveCfg = Debug|Any CPU
		{2A89C758-80AE-49D8-AC8D-B11907A1CBE1}.Debug|Any CPU.Build.0 = Debug|Any CPU
		{2A89C758-80AE-49D8-AC8D-B11907A1CBE1}.Release|Any CPU.ActiveCfg = Release|Any CPU
		{2A89C758-80AE-49D8-AC8D-B11907A1CBE1}.Release|Any CPU.Build.0 = Release|Any CPU
		{BA76B5C7-F926-42F0-9E0B-5A04CA2D60F5}.Debug|Any CPU.ActiveCfg = Debug|Any CPU
		{BA76B5C7-F926-42F0-9E0B-5A04CA2D60F5}.Debug|Any CPU.Build.0 = Debug|Any CPU
		{BA76B5C7-F926-42F0-9E0B-5A04CA2D60F5}.Release|Any CPU.ActiveCfg = Release|Any CPU
		{BA76B5C7-F926-42F0-9E0B-5A04CA2D60F5}.Release|Any CPU.Build.0 = Release|Any CPU
		{2AD0BB8C-CDBA-4046-8F08-55E858FFED64}.Debug|Any CPU.ActiveCfg = Debug|Any CPU
		{2AD0BB8C-CDBA-4046-8F08-55E858FFED64}.Debug|Any CPU.Build.0 = Debug|Any CPU
		{2AD0BB8C-CDBA-4046-8F08-55E858FFED64}.Release|Any CPU.ActiveCfg = Release|Any CPU
		{2AD0BB8C-CDBA-4046-8F08-55E858FFED64}.Release|Any CPU.Build.0 = Release|Any CPU
		{481A5C2A-4B21-40C4-8B22-B6D357ACA985}.Debug|Any CPU.ActiveCfg = Debug|Any CPU
		{481A5C2A-4B21-40C4-8B22-B6D357ACA985}.Debug|Any CPU.Build.0 = Debug|Any CPU
		{481A5C2A-4B21-40C4-8B22-B6D357ACA985}.Release|Any CPU.ActiveCfg = Release|Any CPU
		{481A5C2A-4B21-40C4-8B22-B6D357ACA985}.Release|Any CPU.Build.0 = Release|Any CPU
		{FE8FD93E-5194-45D8-8895-89F16CEECB26}.Debug|Any CPU.ActiveCfg = Debug|Any CPU
		{FE8FD93E-5194-45D8-8895-89F16CEECB26}.Debug|Any CPU.Build.0 = Debug|Any CPU
		{FE8FD93E-5194-45D8-8895-89F16CEECB26}.Release|Any CPU.ActiveCfg = Release|Any CPU
		{FE8FD93E-5194-45D8-8895-89F16CEECB26}.Release|Any CPU.Build.0 = Release|Any CPU
		{1925C787-E929-4021-8BD7-6392573AB228}.Debug|Any CPU.ActiveCfg = Debug|Any CPU
		{1925C787-E929-4021-8BD7-6392573AB228}.Debug|Any CPU.Build.0 = Debug|Any CPU
		{1925C787-E929-4021-8BD7-6392573AB228}.Release|Any CPU.ActiveCfg = Release|Any CPU
		{1925C787-E929-4021-8BD7-6392573AB228}.Release|Any CPU.Build.0 = Release|Any CPU
	EndGlobalSection
	GlobalSection(SolutionProperties) = preSolution
		HideSolutionNode = FALSE
	EndGlobalSection
	GlobalSection(ExtensibilityGlobals) = postSolution
		SolutionGuid = {3D15D289-0C4A-4174-BFE0-BB25364BE0FF}
	EndGlobalSection
EndGlobal
